#include <iostream>
using namespace std;

// Завдання 8: Обчислення середнього арифметичного
double average(int arr[], int size) {
    double sum = 0;
    for (int i = 0; i < size; i++) {
        sum += arr[i];
    }
    return sum / size;
}

// Завдання 9: Пошук мінімального і максимального елементів (та їх індексів)
void findMinMax(int arr[], int size) {
    int min = arr[0], max = arr[0];
    int minIndex = 0, maxIndex = 0;
    for (int i = 1; i < size; i++) {
        if (arr[i] < min) {
            min = arr[i];
            minIndex = i;
        }
        if (arr[i] > max) {
            max = arr[i];
            maxIndex = i;
        }
    }
    cout << "Мінімум: " << min << ", індекс: " << minIndex << "\n";
    cout << "Максимум: " << max << ", індекс: " << maxIndex << "\n";
}

// Завдання 10: Зміна порядку елементів масиву на протилежний
void reverseArray(int arr[], int size) {
    for (int i = 0; i < size / 2; i++) {
        int temp = arr[i];
        arr[i] = arr[size - 1 - i];
        arr[size - 1 - i] = temp;
    }
}

int main() {
    int arr[] = { 5, 3, 8, 1, 9 };
    int size = sizeof(arr) / sizeof(arr[0]);

    //  8
    cout << "Середнє арифметичне: " << average(arr, size) << "\n";

    //  9
    findMinMax(arr, size);

    //  10
    reverseArray(arr, size);
    cout << "Масив після реверсу: ";
    for (int i = 0; i < size; i++) {
        cout << arr[i] << " ";
    }
    cout << "\n";


}
